// !$*UTF8*$!
{
	archiveVersion = 1;
	classes = {
	};
	objectVersion = 50;
	objects = {

/* Begin PBXBuildFile section */
		694A5D94225354AE006ABC68 /* ZHSelectFileViewController.m in Sources */ = {isa = PBXBuildFile; fileRef = 694A5D93225354AE006ABC68 /* ZHSelectFileViewController.m */; };
		694A5D9A2253587D006ABC68 /* UIViewController+Category.m in Sources */ = {isa = PBXBuildFile; fileRef = 694A5D992253587D006ABC68 /* UIViewController+Category.m */; };
		6998364A2253520100558D0C /* AppDelegate.m in Sources */ = {isa = PBXBuildFile; fileRef = 699836492253520100558D0C /* AppDelegate.m */; };
		6998364D2253520100558D0C /* ViewController.m in Sources */ = {isa = PBXBuildFile; fileRef = 6998364C2253520100558D0C /* ViewController.m */; };
		699836502253520100558D0C /* Main.storyboard in Resources */ = {isa = PBXBuildFile; fileRef = 6998364E2253520100558D0C /* Main.storyboard */; };
		699836522253520400558D0C /* Assets.xcassets in Resources */ = {isa = PBXBuildFile; fileRef = 699836512253520400558D0C /* Assets.xcassets */; };
		699836552253520400558D0C /* LaunchScreen.storyboard in Resources */ = {isa = PBXBuildFile; fileRef = 699836532253520400558D0C /* LaunchScreen.storyboard */; };
		699836582253520400558D0C /* main.m in Sources */ = {isa = PBXBuildFile; fileRef = 699836572253520400558D0C /* main.m */; };
/* End PBXBuildFile section */

/* Begin PBXFileReference section */
		694A5D92225354AE006ABC68 /* ZHSelectFileViewController.h */ = {isa = PBXFileReference; lastKnownFileType = sourcecode.c.h; path = ZHSelectFileViewController.h; sourceTree = "<group>"; };
		694A5D93225354AE006ABC68 /* ZHSelectFileViewController.m */ = {isa = PBXFileReference; lastKnownFileType = sourcecode.c.objc; path = ZHSelectFileViewController.m; sourceTree = "<group>"; };
		694A5D982253587D006ABC68 /* UIViewController+Category.h */ = {isa = PBXFileReference; lastKnownFileType = sourcecode.c.h; path = "UIViewController+Category.h"; sourceTree = "<group>"; };
		694A5D992253587D006ABC68 /* UIViewController+Category.m */ = {isa = PBXFileReference; lastKnownFileType = sourcecode.c.objc; path = "UIViewController+Category.m"; sourceTree = "<group>"; };
		699836452253520100558D0C /* FileShareDemo.app */ = {isa = PBXFileReference; explicitFileType = wrapper.application; includeInIndex = 0; path = FileShareDemo.app; sourceTree = BUILT_PRODUCTS_DIR; };
		699836482253520100558D0C /* AppDelegate.h */ = {isa = PBXFileReference; lastKnownFileType = sourcecode.c.h; path = AppDelegate.h; sourceTree = "<group>"; };
		699836492253520100558D0C /* AppDelegate.m */ = {isa = PBXFileReference; lastKnownFileType = sourcecode.c.objc; path = AppDelegate.m; sourceTree = "<group>"; };
		6998364B2253520100558D0C /* ViewController.h */ = {isa = PBXFileReference; lastKnownFileType = sourcecode.c.h; path = ViewController.h; sourceTree = "<group>"; };
		6998364C2253520100558D0C /* ViewController.m */ = {isa = PBXFileReference; lastKnownFileType = sourcecode.c.objc; path = ViewController.m; sourceTree = "<group>"; };
		6998364F2253520100558D0C /* Base */ = {isa = PBXFileReference; lastKnownFileType = file.storyboard; name = Base; path = Base.lproj/Main.storyboard; sourceTree = "<group>"; };
		699836512253520400558D0C /* Assets.xcassets */ = {isa = PBXFileReference; lastKnownFileType = folder.assetcatalog; path = Assets.xcassets; sourceTree = "<group>"; };
		699836542253520400558D0C /* Base */ = {isa = PBXFileReference; lastKnownFileType = file.storyboard; name = Base; path = Base.lproj/LaunchScreen.storyboard; sourceTree = "<group>"; };
		699836562253520400558D0C /* Info.plist */ = {isa = PBXFileReference; lastKnownFileType = text.plist.xml; path = Info.plist; sourceTree = "<group>"; };
		699836572253520400558D0C /* main.m */ = {isa = PBXFileReference; lastKnownFileType = sourcecode.c.objc; path = main.m; sourceTree = "<group>"; };
/* End PBXFileReference section */

/* Begin PBXFrameworksBuildPhase section */
		699836422253520100558D0C /* Frameworks */ = {
			isa = PBXFrameworksBuildPhase;
			buildActionMask = 2147483647;
			files = (
			);
			runOnlyForDeploymentPostprocessing = 0;
		};
/* End PBXFrameworksBuildPhase section */

/* Begin PBXGroup section */
		6998363C2253520100558D0C = {
			isa = PBXGroup;
			children = (
				699836472253520100558D0C /* FileShareDemo */,
				699836462253520100558D0C /* Products */,
			);
			sourceTree = "<group>";
		};
		699836462253520100558D0C /* Products */ = {
			isa = PBXGroup;
			children = (
				699836452253520100558D0C /* FileShareDemo.app */,
			);
			name = Products;
			sourceTree = "<group>";
		};
		699836472253520100558D0C /* FileShareDemo */ = {
			isa = PBXGroup;
			children = (
				694A5D92225354AE006ABC68 /* ZHSelectFileViewController.h */,
				694A5D93225354AE006ABC68 /* ZHSelectFileViewController.m */,
				694A5D982253587D006ABC68 /* UIViewController+Category.h */,
				694A5D992253587D006ABC68 /* UIViewController+Category.m */,
				699836482253520100558D0C /* AppDelegate.h */,
				699836492253520100558D0C /* AppDelegate.m */,
				6998364B2253520100558D0C /* ViewController.h */,
				6998364C2253520100558D0C /* ViewController.m */,
				6998364E2253520100558D0C /* Main.storyboard */,
				699836512253520400558D0C /* Assets.xcassets */,
				699836532253520400558D0C /* LaunchScreen.storyboard */,
				699836562253520400558D0C /* Info.plist */,
				699836572253520400558D0C /* main.m */,
			);
			path = FileShareDemo;
			sourceTree = "<group>";
		};
/* End PBXGroup section */

/* Begin PBXNativeTarget section */
		699836442253520100558D0C /* FileShareDemo */ = {
			isa = PBXNativeTarget;
			buildConfigurationList = 6998365B2253520400558D0C /* Build configuration list for PBXNativeTarget "FileShareDemo" */;
			buildPhases = (
				699836412253520100558D0C /* Sources */,
				699836422253520100558D0C /* Frameworks */,
				699836432253520100558D0C /* Resources */,
			);
			buildRules = (
			);
			dependencies = (
			);
			name = FileShareDemo;
			productName = FileShareDemo;
			productReference = 699836452253520100558D0C /* FileShareDemo.app */;
			productType = "com.apple.product-type.application";
		};
/* End PBXNativeTarget section */

/* Begin PBXProject section */
		6998363D2253520100558D0C /* Project object */ = {
			isa = PBXProject;
			attributes = {
				LastUpgradeCheck = 1010;
				ORGANIZATIONNAME = "郑晗";
				TargetAttributes = {
					699836442253520100558D0C = {
						CreatedOnToolsVersion = 10.1;
					};
				};
			};
			buildConfigurationList = 699836402253520100558D0C /* Build configuration list for PBXProject "FileShareDemo" */;
			compatibilityVersion = "Xcode 9.3";
			developmentRegion = en;
			hasScannedForEncodings = 0;
			knownRegions = (
				en,
				Base,
			);
			mainGroup = 6998363C2253520100558D0C;
			productRefGroup = 699836462253520100558D0C /* Products */;
			projectDirPath = "";
			projectRoot = "";
			targets = (
				699836442253520100558D0C /* FileShareDemo */,
			);
		};
/* End PBXProject section */

/* Begin PBXResourcesBuildPhase section */
		699836432253520100558D0C /* Resources */ = {
			isa = PBXResourcesBuildPhase;
			buildActionMask = 2147483647;
			files = (
				699836552253520400558D0C /* LaunchScreen.storyboard in Resources */,
				699836522253520400558D0C /* Assets.xcassets in Resources */,
				699836502253520100558D0C /* Main.storyboard in Resources */,
			);
			runOnlyForDeploymentPostprocessing = 0;
		};
/* End PBXResourcesBuildPhase section */

/* Begin PBXSourcesBuildPhase section */
		699836412253520100558D0C /* Sources */ = {
			isa = PBXSourcesBuildPhase;
			buildActionMask = 2147483647;
			files = (
				6998364D2253520100558D0C /* ViewController.m in Sources */,
				699836582253520400558D0C /* main.m in Sources */,
				694A5D9A2253587D006ABC68 /* UIViewController+Category.m in Sources */,
				694A5D94225354AE006ABC68 /* ZHSelectFileViewController.m in Sources */,
				6998364A2253520100558D0C /* AppDelegate.m in Sources */,
			);
			runOnlyForDeploymentPostprocessing = 0;
		};
/* End PBXSourcesBuildPhase section */

/* Begin PBXVariantGroup section */
		6998364E2253520100558D0C /* Main.storyboard */ = {
			isa = PBXVariantGroup;
			children = (
				6998364F2253520100558D0C /* Base */,
			);
			name = Main.storyboard;
			sourceTree = "<group>";
		};
		699836532253520400558D0C /* LaunchScreen.storyboard */ = {
			isa = PBXVariantGroup;
			children = (
				699836542253520400558D0C /* Base */,
			);
			name = LaunchScreen.storyboard;
			sourceTree = "<group>";
		};
/* End PBXVariantGroup section */

/* Begin XCBuildConfiguration section */
		699836592253520400558D0C /* Debug */ = {
			isa = XCBuildConfiguration;
			buildSettings = {
				ALWAYS_SEARCH_USER_PATHS = NO;
				CLANG_ANALYZER_NONNULL = YES;
				CLANG_ANALYZER_NUMBER_OBJECT_CONVERSION = YES_AGGRESSIVE;
				CLANG_CXX_LANGUAGE_STANDARD = "gnu++14";
				CLANG_CXX_LIBRARY = "libc++";
				CLANG_ENABLE_MODULES = YES;
				CLANG_ENABLE_OBJC_ARC = YES;
				CLANG_ENABLE_OBJC_WEAK = YES;
				CLANG_WARN_BLOCK_CAPTURE_AUTORELEASING = YES;
				CLANG_WARN_BOOL_CONVERSION = YES;
				CLANG_WARN_COMMA = YES;
				CLANG_WARN_CONSTANT_CONVERSION = YES;
				CLANG_WARN_DEPRECATED_OBJC_IMPLEMENTATIONS = YES;
				CLANG_WARN_DIRECT_OBJC_ISA_USAGE = YES_ERROR;
				CLANG_WARN_DOCUMENTATION_COMMENTS = YES;
				CLANG_WARN_EMPTY_BODY = YES;
				CLANG_WARN_ENUM_CONVERSION = YES;
				CLANG_WARN_INFINITE_RECURSION = YES;
				CLANG_WARN_INT_CONVERSION = YES;
				CLANG_WARN_NON_LITERAL_NULL_CONVERSION = YES;
				CLANG_WARN_OBJC_IMPLICIT_RETAIN_SELF = YES;
				CLANG_WARN_OBJC_LITERAL_CONVERSION = YES;
				CLANG_WARN_OBJC_ROOT_CLASS = YES_ERROR;
				CLANG_WARN_RANGE_LOOP_ANALYSIS = YES;
				CLANG_WARN_STRICT_PROTOTYPES = YES;
				CLANG_WARN_SUSPICIOUS_MOVE = YES;
				CLANG_WARN_UNGUARDED_AVAILABILITY = YES_AGGRESSIVE;
				CLANG_WARN_UNREACHABLE_CODE = YES;
				CLANG_WARN__DUPLICATE_METHOD_MATCH = YES;
				CODE_SIGN_IDENTITY = "iPhone Developer";
				COPY_PHASE_STRIP = NO;
				DEBUG_INFORMATION_FORMAT = dwarf;
				ENABLE_STRICT_OBJC_MSGSEND = YES;
				ENABLE_TESTABILITY = YES;
				GCC_C_LANGUAGE_STANDARD = gnu11;
				GCC_DYNAMIC_NO_PIC = NO;
				GCC_NO_COMMON_BLOCKS = YES;
				GCC_OPTIMIZATION_LEVEL = 0;
				GCC_PREPROCESSOR_DEFINITIONS = (
					"DEBUG=1",
					"$(inherited)",
				);
				GCC_WARN_64_TO_32_BIT_CONVERSION = YES;
				GCC_WARN_ABOUT_RETURN_TYPE = YES_ERROR;
				GCC_WARN_UNDECLARED_SELECTOR = YES;
				GCC_WARN_UNINITIALIZED_AUTOS = YES_AGGRESSIVE;
				GCC_WARN_UNUSED_FUNCTION = YES;
				GCC_WARN_UNUSED_VARIABLE = YES;
				IPHONEOS_DEPLOYMENT_TARGET = 12.1;
				MTL_ENABLE_DEBUG_INFO = INCLUDE_SOURCE;
				MTL_FAST_MATH = YES;
				ONLY_ACTIVE_ARCH = YES;
				SDKROOT = iphoneos;
			};
			name = Debug;
		};
		6998365A2253520400558D0C /* Release */ = {
			isa = XCBuildConfiguration;
			buildSettings = {
				ALWAYS_SEARCH_USER_PATHS = NO;
				CLANG_ANALYZER_NONNULL = YES;
				CLANG_ANALYZER_NUMBER_OBJECT_CONVERSION = YES_AGGRESSIVE;
				CLANG_CXX_LANGUAGE_STANDARD = "gnu++14";
				CLANG_CXX_LIBRARY = "libc++";
				CLANG_ENABLE_MODULES = YES;
				CLANG_ENABLE_OBJC_ARC = YES;
				CLANG_ENABLE_OBJC_WEAK = YES;
				CLANG_WARN_BLOCK_CAPTURE_AUTORELEASING = YES;
				CLANG_WARN_BOOL_CONVERSION = YES;
				CLANG_WARN_COMMA = YES;
				CLANG_WARN_CONSTANT_CONVERSION = YES;
				CLANG_WARN_DEPRECATED_OBJC_IMPLEMENTATIONS = YES;
				CLANG_WARN_DIRECT_OBJC_ISA_USAGE = YES_ERROR;
				CLANG_WARN_DOCUMENTATION_COMMENTS = YES;
				CLANG_WARN_EMPTY_BODY = YES;
				CLANG_WARN_ENUM_CONVERSION = YES;
				CLANG_WARN_INFINITE_RECURSION = YES;
				CLANG_WARN_INT_CONVERSION = YES;
				CLANG_WARN_NON_LITERAL_NULL_CONVERSION = YES;
				CLANG_WARN_OBJC_IMPLICIT_RETAIN_SELF = YES;
				CLANG_WARN_OBJC_LITERAL_CONVERSION = YES;
				CLANG_WARN_OBJC_ROOT_CLASS = YES_ERROR;
				CLANG_WARN_RANGE_LOOP_ANALYSIS = YES;
				CLANG_WARN_STRICT_PROTOTYPES = YES;
				CLANG_WARN_SUSPICIOUS_MOVE = YES;
				CLANG_WARN_UNGUARDED_AVAILABILITY = YES_AGGRESSIVE;
				CLANG_WARN_UNREACHABLE_CODE = YES;
				CLANG_WARN__DUPLICATE_METHOD_MATCH = YES;
				CODE_SIGN_IDENTITY = "iPhone Developer";
				COPY_PHASE_STRIP = NO;
				DEBUG_INFORMATION_FORMAT = "dwarf-with-dsym";
				ENABLE_NS_ASSERTIONS = NO;
				ENABLE_STRICT_OBJC_MSGSEND = YES;
				GCC_C_LANGUAGE_STANDARD = gnu11;
				GCC_NO_COMMON_BLOCKS = YES;
				GCC_WARN_64_TO_32_BIT_CONVERSION = YES;
				GCC_WARN_ABOUT_RETURN_TYPE = YES_ERROR;
				GCC_WARN_UNDECLARED_SELECTOR = YES;
				GCC_WARN_UNINITIALIZED_AUTOS = YES_AGGRESSIVE;
				GCC_WARN_UNUSED_FUNCTION = YES;
				GCC_WARN_UNUSED_VARIABLE = YES;
				IPHONEOS_DEPLOYMENT_TARGET = 12.1;
				MTL_ENABLE_DEBUG_INFO = NO;
				MTL_FAST_MATH = YES;
				SDKROOT = iphoneos;
				VALIDATE_PRODUCT = YES;
			};
			name = Release;
		};
		6998365C2253520400558D0C /* Debug */ = {
			isa = XCBuildConfiguration;
			buildSettings = {
				ASSETCATALOG_COMPILER_APPICON_NAME = AppIcon;
				CODE_SIGN_STYLE = Automatic;
				DEVELOPMENT_TEAM = 3989T3PB2V;
				INFOPLIST_FILE = FileShareDemo/Info.plist;
				IPHONEOS_DEPLOYMENT_TARGET = 10.3;
				LD_RUNPATH_SEARCH_PATHS = (
					"$(inherited)",
					"@executable_path/Frameworks",
				);
				PRODUCT_BUNDLE_IDENTIFIER = com.zhenghan.FileShareDemo;
				PRODUCT_NAME = "$(TARGET_NAME)";
				TARGETED_DEVICE_FAMILY = "1,2";
			};
			name = Debug;
		};
		6998365D2253520400558D0C /* Release */ = {
			isa = XCBuildConfiguration;
			buildSettings = {
				ASSETCATALOG_COMPILER_APPICON_NAME = AppIcon;
				CODE_SIGN_STYLE = Automatic;
				DEVELOPMENT_TEAM = 3989T3PB2V;
				INFOPLIST_FILE = FileShareDemo/Info.plist;
				IPHONEOS_DEPLOYMENT_TARGET = 10.3;
				LD_RUNPATH_SEARCH_PATHS = (
					"$(inherited)",
					"@executable_path/Frameworks",
				);
				PRODUCT_BUNDLE_IDENTIFIER = com.zhenghan.FileShareDemo;
				PRODUCT_NAME = "$(TARGET_NAME)";
				TARGETED_DEVICE_FAMILY = "1,2";
			};
			name = Release;
		};
/* End XCBuildConfiguration section */

/* Begin XCConfigurationList section */
		699836402253520100558D0C /* Build configuration list for PBXProject "FileShareDemo" */ = {
			isa = XCConfigurationList;
			buildConfigurations = (
				699836592253520400558D0C /* Debug */,
				6998365A2253520400558D0C /* Release */,
			);
			defaultConfigurationIsVisible = 0;
			defaultConfigurationName = Release;
		};
		6998365B2253520400558D0C /* Build configuration list for PBXNativeTarget "FileShareDemo" */ = {
			isa = XCConfigurationList;
			buildConfigurations = (
				6998365C2253520400558D0C /* Debug */,
				6998365D2253520400558D0C /* Release */,
			);
			defaultConfigurationIsVisible = 0;
			defaultConfigurationName = Release;
		};
/* End XCConfigurationList section */
	};
	rootObject = 6998363D2253520100558D0C /* Project object */;
}
